<?xml version="1.0" encoding="utf-8"?>
<Project ToolsVersion="4.0" xmlns="http://schemas.microsoft.com/developer/msbuild/2003">
  <ItemGroup>
    <Filter Include="Исходные файлы">
      <UniqueIdentifier>{4FC737F1-C7A5-4376-A066-2A32D752A2FF}</UniqueIdentifier>
      <Extensions>cpp;c;cc;cxx;c++;cppm;ixx;def;odl;idl;hpj;bat;asm;asmx</Extensions>
    </Filter>
    <Filter Include="Файлы заголовков">
      <UniqueIdentifier>{93995380-89BD-4b04-88EB-625FBE52EBFB}</UniqueIdentifier>
      <Extensions>h;hh;hpp;hxx;h++;hm;inl;inc;ipp;xsd</Extensions>
    </Filter>
    <Filter Include="Файлы ресурсов">
      <UniqueIdentifier>{67DA6AB6-F800-4c08-8B7A-83BB121AAD01}</UniqueIdentifier>
      <Extensions>rc;ico;cur;bmp;dlg;rc2;rct;bin;rgs;gif;jpg;jpeg;jpe;resx;tiff;tif;png;wav;mfcribbon-ms</Extensions>
    </Filter>
  </ItemGroup>
  <ItemGroup>
    <ClCompile Include="project\core\features\impl\combat\legit.cpp">
      <Filter>Исходные файлы</Filter>
    </ClCompile>
    <ClCompile Include="project\core\features\impl\combat\shared.cpp">
      <Filter>Исходные файлы</Filter>
    </ClCompile>
    <ClCompile Include="project\core\features\impl\esp\item.cpp">
      <Filter>Исходные файлы</Filter>
    </ClCompile>
    <ClCompile Include="project\core\features\impl\esp\player.cpp">
      <Filter>Исходные файлы</Filter>
    </ClCompile>
    <ClCompile Include="project\core\features\impl\esp\projectile.cpp">
      <Filter>Исходные файлы</Filter>
    </ClCompile>
    <ClCompile Include="project\core\features\impl\misc\grenades.cpp">
      <Filter>Исходные файлы</Filter>
    </ClCompile>
    <ClCompile Include="project\core\features\impl\misc\spectators.cpp">
      <Filter>Исходные файлы</Filter>
    </ClCompile>
    <ClCompile Include="project\core\menu\menu.cpp">
      <Filter>Исходные файлы</Filter>
    </ClCompile>
    <ClCompile Include="project\core\render\render.cpp">
      <Filter>Исходные файлы</Filter>
    </ClCompile>
    <ClCompile Include="project\core\systems\impl\bones.cpp">
      <Filter>Исходные файлы</Filter>
    </ClCompile>
    <ClCompile Include="project\core\systems\impl\bounds.cpp">
      <Filter>Исходные файлы</Filter>
    </ClCompile>
    <ClCompile Include="project\core\systems\impl\bvh.cpp">
      <Filter>Исходные файлы</Filter>
    </ClCompile>
    <ClCompile Include="project\core\systems\impl\collector.cpp">
      <Filter>Исходные файлы</Filter>
    </ClCompile>
    <ClCompile Include="project\core\systems\impl\convars.cpp">
      <Filter>Исходные файлы</Filter>
    </ClCompile>
    <ClCompile Include="project\core\systems\impl\entities.cpp">
      <Filter>Исходные файлы</Filter>
    </ClCompile>
    <ClCompile Include="project\core\systems\impl\hitboxes.cpp">
      <Filter>Исходные файлы</Filter>
    </ClCompile>
    <ClCompile Include="project\core\systems\impl\local.cpp">
      <Filter>Исходные файлы</Filter>
    </ClCompile>
    <ClCompile Include="project\core\systems\impl\schemas.cpp">
      <Filter>Исходные файлы</Filter>
    </ClCompile>
    <ClCompile Include="project\core\systems\impl\view.cpp">
      <Filter>Исходные файлы</Filter>
    </ClCompile>
    <ClCompile Include="project\core\threads\threads.cpp">
      <Filter>Исходные файлы</Filter>
    </ClCompile>
    <ClCompile Include="project\external\zdraw\zui\zui.cpp">
      <Filter>Исходные файлы</Filter>
    </ClCompile>
    <ClCompile Include="project\external\zdraw\zdraw.cpp">
      <Filter>Исходные файлы</Filter>
    </ClCompile>
    <ClCompile Include="project\utilities\animation\animation.cpp">
      <Filter>Исходные файлы</Filter>
    </ClCompile>
    <ClCompile Include="project\utilities\console\console.cpp">
      <Filter>Исходные файлы</Filter>
    </ClCompile>
    <ClCompile Include="project\utilities\input\input.cpp">
      <Filter>Исходные файлы</Filter>
    </ClCompile>
    <ClCompile Include="project\utilities\math\math.cpp">
      <Filter>Исходные файлы</Filter>
    </ClCompile>
    <ClCompile Include="project\utilities\memory\memory.cpp">
      <Filter>Исходные файлы</Filter>
    </ClCompile>
    <ClCompile Include="project\utilities\modules\modules.cpp">
      <Filter>Исходные файлы</Filter>
    </ClCompile>
    <ClCompile Include="project\utilities\offsets\offsets.cpp">
      <Filter>Исходные файлы</Filter>
    </ClCompile>
    <ClCompile Include="project\utilities\pch\stdafx.cpp">
      <Filter>Исходные файлы</Filter>
    </ClCompile>
    <ClCompile Include="project\utilities\wrapper\scwrapper.cpp">
      <Filter>Исходные файлы</Filter>
    </ClCompile>
    <ClCompile Include="project\entry.cpp">
      <Filter>Исходные файлы</Filter>
    </ClCompile>
    <ClCompile Include="project\core\features\impl\esp\chams.cpp">
      <Filter>Исходные файлы</Filter>
    </ClCompile>
  </ItemGroup>
  <ItemGroup>
    <ClInclude Include="project\core\features\features.hpp">
      <Filter>Файлы заголовков</Filter>
    </ClInclude>
    <ClInclude Include="project\core\menu\menu.hpp">
      <Filter>Файлы заголовков</Filter>
    </ClInclude>
    <ClInclude Include="project\core\render\render.hpp">
      <Filter>Файлы заголовков</Filter>
    </ClInclude>
    <ClInclude Include="project\core\systems\systems.hpp">
      <Filter>Файлы заголовков</Filter>
    </ClInclude>
    <ClInclude Include="project\core\threads\threads.hpp">
      <Filter>Файлы заголовков</Filter>
    </ClInclude>
    <ClInclude Include="project\core\settings.hpp">
      <Filter>Файлы заголовков</Filter>
    </ClInclude>
    <ClInclude Include="project\external\zdraw\external\fonts\lexend.h">
      <Filter>Файлы заголовков</Filter>
    </ClInclude>
    <ClInclude Include="project\external\zdraw\external\freetype\freetype\config\ftconfig.h">
      <Filter>Файлы заголовков</Filter>
    </ClInclude>
    <ClInclude Include="project\external\zdraw\external\freetype\freetype\config\ftheader.h">
      <Filter>Файлы заголовков</Filter>
    </ClInclude>
    <ClInclude Include="project\external\zdraw\external\freetype\freetype\config\ftmodule.h">
      <Filter>Файлы заголовков</Filter>
    </ClInclude>
    <ClInclude Include="project\external\zdraw\external\freetype\freetype\config\ftoption.h">
      <Filter>Файлы заголовков</Filter>
    </ClInclude>
    <ClInclude Include="project\external\zdraw\external\freetype\freetype\config\ftstdlib.h">
      <Filter>Файлы заголовков</Filter>
    </ClInclude>
    <ClInclude Include="project\external\zdraw\external\freetype\freetype\config\integer-types.h">
      <Filter>Файлы заголовков</Filter>
    </ClInclude>
    <ClInclude Include="project\external\zdraw\external\freetype\freetype\config\mac-support.h">
      <Filter>Файлы заголовков</Filter>
    </ClInclude>
    <ClInclude Include="project\external\zdraw\external\freetype\freetype\config\public-macros.h">
      <Filter>Файлы заголовков</Filter>
    </ClInclude>
    <ClInclude Include="project\external\zdraw\external\freetype\freetype\internal\services\svbdf.h">
      <Filter>Файлы заголовков</Filter>
    </ClInclude>
    <ClInclude Include="project\external\zdraw\external\freetype\freetype\internal\services\svcfftl.h">
      <Filter>Файлы заголовков</Filter>
    </ClInclude>
    <ClInclude Include="project\external\zdraw\external\freetype\freetype\internal\services\svcid.h">
      <Filter>Файлы заголовков</Filter>
    </ClInclude>
    <ClInclude Include="project\external\zdraw\external\freetype\freetype\internal\services\svfntfmt.h">
      <Filter>Файлы заголовков</Filter>
    </ClInclude>
    <ClInclude Include="project\external\zdraw\external\freetype\freetype\internal\services\svgldict.h">
      <Filter>Файлы заголовков</Filter>
    </ClInclude>
    <ClInclude Include="project\external\zdraw\external\freetype\freetype\internal\services\svgxval.h">
      <Filter>Файлы заголовков</Filter>
    </ClInclude>
    <ClInclude Include="project\external\zdraw\external\freetype\freetype\internal\services\svkern.h">
      <Filter>Файлы заголовков</Filter>
    </ClInclude>
    <ClInclude Include="project\external\zdraw\external\freetype\freetype\internal\services\svmetric.h">
      <Filter>Файлы заголовков</Filter>
    </ClInclude>
    <ClInclude Include="project\external\zdraw\external\freetype\freetype\internal\services\svmm.h">
      <Filter>Файлы заголовков</Filter>
    </ClInclude>
    <ClInclude Include="project\external\zdraw\external\freetype\freetype\internal\services\svotval.h">
      <Filter>Файлы заголовков</Filter>
    </ClInclude>
    <ClInclude Include="project\external\zdraw\external\freetype\freetype\internal\services\svpfr.h">
      <Filter>Файлы заголовков</Filter>
    </ClInclude>
    <ClInclude Include="project\external\zdraw\external\freetype\freetype\internal\services\svpostnm.h">
      <Filter>Файлы заголовков</Filter>
    </ClInclude>
    <ClInclude Include="project\external\zdraw\external\freetype\freetype\internal\services\svprop.h">
      <Filter>Файлы заголовков</Filter>
    </ClInclude>
    <ClInclude Include="project\external\zdraw\external\freetype\freetype\internal\services\svpscmap.h">
      <Filter>Файлы заголовков</Filter>
    </ClInclude>
    <ClInclude Include="project\external\zdraw\external\freetype\freetype\internal\services\svpsinfo.h">
      <Filter>Файлы заголовков</Filter>
    </ClInclude>
    <ClInclude Include="project\external\zdraw\external\freetype\freetype\internal\services\svsfnt.h">
      <Filter>Файлы заголовков</Filter>
    </ClInclude>
    <ClInclude Include="project\external\zdraw\external\freetype\freetype\internal\services\svttcmap.h">
      <Filter>Файлы заголовков</Filter>
    </ClInclude>
    <ClInclude Include="project\external\zdraw\external\freetype\freetype\internal\services\svtteng.h">
      <Filter>Файлы заголовков</Filter>
    </ClInclude>
    <ClInclude Include="project\external\zdraw\external\freetype\freetype\internal\services\svttglyf.h">
      <Filter>Файлы заголовков</Filter>
    </ClInclude>
    <ClInclude Include="project\external\zdraw\external\freetype\freetype\internal\services\svwinfnt.h">
      <Filter>Файлы заголовков</Filter>
    </ClInclude>
    <ClInclude Include="project\external\zdraw\external\freetype\freetype\internal\autohint.h">
      <Filter>Файлы заголовков</Filter>
    </ClInclude>
    <ClInclude Include="project\external\zdraw\external\freetype\freetype\internal\cffotypes.h">
      <Filter>Файлы заголовков</Filter>
    </ClInclude>
    <ClInclude Include="project\external\zdraw\external\freetype\freetype\internal\cfftypes.h">
      <Filter>Файлы заголовков</Filter>
    </ClInclude>
    <ClInclude Include="project\external\zdraw\external\freetype\freetype\internal\compiler-macros.h">
      <Filter>Файлы заголовков</Filter>
    </ClInclude>
    <ClInclude Include="project\external\zdraw\external\freetype\freetype\internal\ftcalc.h">
      <Filter>Файлы заголовков</Filter>
    </ClInclude>
    <ClInclude Include="project\external\zdraw\external\freetype\freetype\internal\ftdebug.h">
      <Filter>Файлы заголовков</Filter>
    </ClInclude>
    <ClInclude Include="project\external\zdraw\external\freetype\freetype\internal\ftdrv.h">
      <Filter>Файлы заголовков</Filter>
    </ClInclude>
    <ClInclude Include="project\external\zdraw\external\freetype\freetype\internal\ftgloadr.h">
      <Filter>Файлы заголовков</Filter>
    </ClInclude>
    <ClInclude Include="project\external\zdraw\external\freetype\freetype\internal\fthash.h">
      <Filter>Файлы заголовков</Filter>
    </ClInclude>
    <ClInclude Include="project\external\zdraw\external\freetype\freetype\internal\ftmemory.h">
      <Filter>Файлы заголовков</Filter>
    </ClInclude>
    <ClInclude Include="project\external\zdraw\external\freetype\freetype\internal\ftmmtypes.h">
      <Filter>Файлы заголовков</Filter>
    </ClInclude>
    <ClInclude Include="project\external\zdraw\external\freetype\freetype\internal\ftobjs.h">
      <Filter>Файлы заголовков</Filter>
    </ClInclude>
    <ClInclude Include="project\external\zdraw\external\freetype\freetype\internal\ftpsprop.h">
      <Filter>Файлы заголовков</Filter>
    </ClInclude>
    <ClInclude Include="project\external\zdraw\external\freetype\freetype\internal\ftrfork.h">
      <Filter>Файлы заголовков</Filter>
    </ClInclude>
    <ClInclude Include="project\external\zdraw\external\freetype\freetype\internal\ftserv.h">
      <Filter>Файлы заголовков</Filter>
    </ClInclude>
    <ClInclude Include="project\external\zdraw\external\freetype\freetype\internal\ftstream.h">
      <Filter>Файлы заголовков</Filter>
    </ClInclude>
    <ClInclude Include="project\external\zdraw\external\freetype\freetype\internal\fttrace.h">
      <Filter>Файлы заголовков</Filter>
    </ClInclude>
    <ClInclude Include="project\external\zdraw\external\freetype\freetype\internal\ftvalid.h">
      <Filter>Файлы заголовков</Filter>
    </ClInclude>
    <ClInclude Include="project\external\zdraw\external\freetype\freetype\internal\psaux.h">
      <Filter>Файлы заголовков</Filter>
    </ClInclude>
    <ClInclude Include="project\external\zdraw\external\freetype\freetype\internal\pshints.h">
      <Filter>Файлы заголовков</Filter>
    </ClInclude>
    <ClInclude Include="project\external\zdraw\external\freetype\freetype\internal\sfnt.h">
      <Filter>Файлы заголовков</Filter>
    </ClInclude>
    <ClInclude Include="project\external\zdraw\external\freetype\freetype\internal\svginterface.h">
      <Filter>Файлы заголовков</Filter>
    </ClInclude>
    <ClInclude Include="project\external\zdraw\external\freetype\freetype\internal\t1types.h">
      <Filter>Файлы заголовков</Filter>
    </ClInclude>
    <ClInclude Include="project\external\zdraw\external\freetype\freetype\internal\tttypes.h">
      <Filter>Файлы заголовков</Filter>
    </ClInclude>
    <ClInclude Include="project\external\zdraw\external\freetype\freetype\internal\wofftypes.h">
      <Filter>Файлы заголовков</Filter>
    </ClInclude>
    <ClInclude Include="project\external\zdraw\external\freetype\freetype\freetype.h">
      <Filter>Файлы заголовков</Filter>
    </ClInclude>
    <ClInclude Include="project\external\zdraw\external\freetype\freetype\ftadvanc.h">
      <Filter>Файлы заголовков</Filter>
    </ClInclude>
    <ClInclude Include="project\external\zdraw\external\freetype\freetype\ftbbox.h">
      <Filter>Файлы заголовков</Filter>
    </ClInclude>
    <ClInclude Include="project\external\zdraw\external\freetype\freetype\ftbdf.h">
      <Filter>Файлы заголовков</Filter>
    </ClInclude>
    <ClInclude Include="project\external\zdraw\external\freetype\freetype\ftbitmap.h">
      <Filter>Файлы заголовков</Filter>
    </ClInclude>
    <ClInclude Include="project\external\zdraw\external\freetype\freetype\ftbzip2.h">
      <Filter>Файлы заголовков</Filter>
    </ClInclude>
    <ClInclude Include="project\external\zdraw\external\freetype\freetype\ftcache.h">
      <Filter>Файлы заголовков</Filter>
    </ClInclude>
    <ClInclude Include="project\external\zdraw\external\freetype\freetype\ftchapters.h">
      <Filter>Файлы заголовков</Filter>
    </ClInclude>
    <ClInclude Include="project\external\zdraw\external\freetype\freetype\ftcid.h">
      <Filter>Файлы заголовков</Filter>
    </ClInclude>
    <ClInclude Include="project\external\zdraw\external\freetype\freetype\ftcolor.h">
      <Filter>Файлы заголовков</Filter>
    </ClInclude>
    <ClInclude Include="project\external\zdraw\external\freetype\freetype\ftdriver.h">
      <Filter>Файлы заголовков</Filter>
    </ClInclude>
    <ClInclude Include="project\external\zdraw\external\freetype\freetype\fterrdef.h">
      <Filter>Файлы заголовков</Filter>
    </ClInclude>
    <ClInclude Include="project\external\zdraw\external\freetype\freetype\fterrors.h">
      <Filter>Файлы заголовков</Filter>
    </ClInclude>
    <ClInclude Include="project\external\zdraw\external\freetype\freetype\ftfntfmt.h">
      <Filter>Файлы заголовков</Filter>
    </ClInclude>
    <ClInclude Include="project\external\zdraw\external\freetype\freetype\ftgasp.h">
      <Filter>Файлы заголовков</Filter>
    </ClInclude>
    <ClInclude Include="project\external\zdraw\external\freetype\freetype\ftglyph.h">
      <Filter>Файлы заголовков</Filter>
    </ClInclude>
    <ClInclude Include="project\external\zdraw\external\freetype\freetype\ftgxval.h">
      <Filter>Файлы заголовков</Filter>
    </ClInclude>
    <ClInclude Include="project\external\zdraw\external\freetype\freetype\ftgzip.h">
      <Filter>Файлы заголовков</Filter>
    </ClInclude>
    <ClInclude Include="project\external\zdraw\external\freetype\freetype\ftimage.h">
      <Filter>Файлы заголовков</Filter>
    </ClInclude>
    <ClInclude Include="project\external\zdraw\external\freetype\freetype\ftincrem.h">
      <Filter>Файлы заголовков</Filter>
    </ClInclude>
    <ClInclude Include="project\external\zdraw\external\freetype\freetype\ftlcdfil.h">
      <Filter>Файлы заголовков</Filter>
    </ClInclude>
    <ClInclude Include="project\external\zdraw\external\freetype\freetype\ftlist.h">
      <Filter>Файлы заголовков</Filter>
    </ClInclude>
    <ClInclude Include="project\external\zdraw\external\freetype\freetype\ftlogging.h">
      <Filter>Файлы заголовков</Filter>
    </ClInclude>
    <ClInclude Include="project\external\zdraw\external\freetype\freetype\ftlzw.h">
      <Filter>Файлы заголовков</Filter>
    </ClInclude>
    <ClInclude Include="project\external\zdraw\external\freetype\freetype\ftmac.h">
      <Filter>Файлы заголовков</Filter>
    </ClInclude>
    <ClInclude Include="project\external\zdraw\external\freetype\freetype\ftmm.h">
      <Filter>Файлы заголовков</Filter>
    </ClInclude>
    <ClInclude Include="project\external\zdraw\external\freetype\freetype\ftmodapi.h">
      <Filter>Файлы заголовков</Filter>
    </ClInclude>
    <ClInclude Include="project\external\zdraw\external\freetype\freetype\ftmoderr.h">
      <Filter>Файлы заголовков</Filter>
    </ClInclude>
    <ClInclude Include="project\external\zdraw\external\freetype\freetype\ftotval.h">
      <Filter>Файлы заголовков</Filter>
    </ClInclude>
    <ClInclude Include="project\external\zdraw\external\freetype\freetype\ftoutln.h">
      <Filter>Файлы заголовков</Filter>
    </ClInclude>
    <ClInclude Include="project\external\zdraw\external\freetype\freetype\ftparams.h">
      <Filter>Файлы заголовков</Filter>
    </ClInclude>
    <ClInclude Include="project\external\zdraw\external\freetype\freetype\ftpfr.h">
      <Filter>Файлы заголовков</Filter>
    </ClInclude>
    <ClInclude Include="project\external\zdraw\external\freetype\freetype\ftrender.h">
      <Filter>Файлы заголовков</Filter>
    </ClInclude>
    <ClInclude Include="project\external\zdraw\external\freetype\freetype\ftsizes.h">
      <Filter>Файлы заголовков</Filter>
    </ClInclude>
    <ClInclude Include="project\external\zdraw\external\freetype\freetype\ftsnames.h">
      <Filter>Файлы заголовков</Filter>
    </ClInclude>
    <ClInclude Include="project\external\zdraw\external\freetype\freetype\ftstroke.h">
      <Filter>Файлы заголовков</Filter>
    </ClInclude>
    <ClInclude Include="project\external\zdraw\external\freetype\freetype\ftsynth.h">
      <Filter>Файлы заголовков</Filter>
    </ClInclude>
    <ClInclude Include="project\external\zdraw\external\freetype\freetype\ftsystem.h">
      <Filter>Файлы заголовков</Filter>
    </ClInclude>
    <ClInclude Include="project\external\zdraw\external\freetype\freetype\fttrigon.h">
      <Filter>Файлы заголовков</Filter>
    </ClInclude>
    <ClInclude Include="project\external\zdraw\external\freetype\freetype\fttypes.h">
      <Filter>Файлы заголовков</Filter>
    </ClInclude>
    <ClInclude Include="project\external\zdraw\external\freetype\freetype\ftwinfnt.h">
      <Filter>Файлы заголовков</Filter>
    </ClInclude>
    <ClInclude Include="project\external\zdraw\external\freetype\freetype\otsvg.h">
      <Filter>Файлы заголовков</Filter>
    </ClInclude>
    <ClInclude Include="project\external\zdraw\external\freetype\freetype\t1tables.h">
      <Filter>Файлы заголовков</Filter>
    </ClInclude>
    <ClInclude Include="project\external\zdraw\external\freetype\freetype\ttnameid.h">
      <Filter>Файлы заголовков</Filter>
    </ClInclude>
    <ClInclude Include="project\external\zdraw\external\freetype\freetype\tttables.h">
      <Filter>Файлы заголовков</Filter>
    </ClInclude>
    <ClInclude Include="project\external\zdraw\external\freetype\freetype\tttags.h">
      <Filter>Файлы заголовков</Filter>
    </ClInclude>
    <ClInclude Include="project\external\zdraw\external\freetype\ft2build.h">
      <Filter>Файлы заголовков</Filter>
    </ClInclude>
    <ClInclude Include="project\external\zdraw\external\shaders\shaders.hpp">
      <Filter>Файлы заголовков</Filter>
    </ClInclude>
    <ClInclude Include="project\external\zdraw\external\unordered_dense.hpp">
      <Filter>Файлы заголовков</Filter>
    </ClInclude>
    <ClInclude Include="project\external\zdraw\zui\zui.hpp">
      <Filter>Файлы заголовков</Filter>
    </ClInclude>
    <ClInclude Include="project\external\zdraw\zdraw.hpp">
      <Filter>Файлы заголовков</Filter>
    </ClInclude>
    <ClInclude Include="project\external\poly2d.hpp">
      <Filter>Файлы заголовков</Filter>
    </ClInclude>
    <ClInclude Include="project\external\xorstr.hpp">
      <Filter>Файлы заголовков</Filter>
    </ClInclude>
    <ClInclude Include="project\resources\fonts\lexend.hpp">
      <Filter>Файлы заголовков</Filter>
    </ClInclude>
    <ClInclude Include="project\resources\fonts\weapons.hpp">
      <Filter>Файлы заголовков</Filter>
    </ClInclude>
    <ClInclude Include="project\utilities\animation\animation.hpp">
      <Filter>Файлы заголовков</Filter>
    </ClInclude>
    <ClInclude Include="project\utilities\console\console.hpp">
      <Filter>Файлы заголовков</Filter>
    </ClInclude>
    <ClInclude Include="project\utilities\input\input.hpp">
      <Filter>Файлы заголовков</Filter>
    </ClInclude>
    <ClInclude Include="project\utilities\math\math.hpp">
      <Filter>Файлы заголовков</Filter>
    </ClInclude>
    <ClInclude Include="project\utilities\memory\driver.hpp">
      <Filter>Файлы заголовков</Filter>
    </ClInclude>
    <ClInclude Include="project\utilities\memory\memory.hpp">
      <Filter>Файлы заголовков</Filter>
    </ClInclude>
    <ClInclude Include="project\utilities\modules\modules.hpp">
      <Filter>Файлы заголовков</Filter>
    </ClInclude>
    <ClInclude Include="project\utilities\offsets\offsets.hpp">
      <Filter>Файлы заголовков</Filter>
    </ClInclude>
    <ClInclude Include="project\utilities\wrapper\scwrapper.h">
      <Filter>Файлы заголовков</Filter>
    </ClInclude>
    <ClInclude Include="project\utilities\crypt.hpp">
      <Filter>Файлы заголовков</Filter>
    </ClInclude>
    <ClInclude Include="project\utilities\cstypes.hpp">
      <Filter>Файлы заголовков</Filter>
    </ClInclude>
    <ClInclude Include="project\utilities\fnv1a.hpp">
      <Filter>Файлы заголовков</Filter>
    </ClInclude>
    <ClInclude Include="project\utilities\random.hpp">
      <Filter>Файлы заголовков</Filter>
    </ClInclude>
    <ClInclude Include="project\stdafx.hpp">
      <Filter>Файлы заголовков</Filter>
    </ClInclude>
    <ClInclude Include="project\utilities\json.hpp">
      <Filter>Файлы заголовков</Filter>
    </ClInclude>
    <ClInclude Include="project\resources\models\ctm_diver_varianta.h">
      <Filter>Файлы заголовков</Filter>
    </ClInclude>
    <ClInclude Include="project\resources\models\ctm_fbi.h">
      <Filter>Файлы заголовков</Filter>
    </ClInclude>
    <ClInclude Include="project\resources\models\ctm_gendarmerie_varianta.h">
      <Filter>Файлы заголовков</Filter>
    </ClInclude>
    <ClInclude Include="project\resources\models\ctm_heavy.h">
      <Filter>Файлы заголовков</Filter>
    </ClInclude>
    <ClInclude Include="project\resources\models\ctm_sas.h">
      <Filter>Файлы заголовков</Filter>
    </ClInclude>
    <ClInclude Include="project\resources\models\ctm_st6_variante.h">
      <Filter>Файлы заголовков</Filter>
    </ClInclude>
    <ClInclude Include="project\resources\models\ctm_swat_variante.h">
      <Filter>Файлы заголовков</Filter>
    </ClInclude>
    <ClInclude Include="project\resources\models\tm_balkan_variantf.h">
      <Filter>Файлы заголовков</Filter>
    </ClInclude>
    <ClInclude Include="project\resources\models\tm_jumpsuit_varianta.h">
      <Filter>Файлы заголовков</Filter>
    </ClInclude>
    <ClInclude Include="project\resources\models\tm_jungle_raider_varianta.h">
      <Filter>Файлы заголовков</Filter>
    </ClInclude>
    <ClInclude Include="project\resources\models\tm_leet_varianta.h">
      <Filter>Файлы заголовков</Filter>
    </ClInclude>
    <ClInclude Include="project\resources\models\tm_phoenix.h">
      <Filter>Файлы заголовков</Filter>
    </ClInclude>
    <ClInclude Include="project\resources\models\tm_phoenix_heavy.h">
      <Filter>Файлы заголовков</Filter>
    </ClInclude>
    <ClInclude Include="project\resources\models\tm_professional_varf.h">
      <Filter>Файлы заголовков</Filter>
    </ClInclude>
  </ItemGroup>
</Project>